{
  "name": "@moroboxai-games/skeleton",
  "version": "0.1.0-alpha.1",
  "lockfileVersion": 1,
  "requires": true,
  "dependencies": {
    "@types/node": {
      "version": "14.14.10",
      "resolved": "https://registry.npmjs.org/@types/node/-/node-14.14.10.tgz",
      "integrity": "sha512-J32dgx2hw8vXrSbu4ZlVhn1Nm3GbeCFNw2FWL8S5QKucHGY0cyNwjdQdO+KMBZ4wpmC7KhLCiNsdk1RFRIYUQQ==",
      "dev": true
    },
    "moroboxai-game-sdk": {
      "version": "0.1.0-alpha.3",
      "resolved": "https://registry.npmjs.org/moroboxai-game-sdk/-/moroboxai-game-sdk-0.1.0-alpha.3.tgz",
      "integrity": "sha512-4Ki8+sAdgdUb2J+Iv8tX8Bo9w1KPDqrzHnd78Vo89ZB7+u+xujHysOC4Ph58LpykX+IFXGAn3Zz1ttu857ikTQ==",
      "dev": true,
      "requires": {
        "@types/node": "^14.14.9",
        "net": "^1.0.2"
      }
    },
    "net": {
      "version": "1.0.2",
      "resolved": "https://registry.npmjs.org/net/-/net-1.0.2.tgz",
      "integrity": "sha1-0XV+yaf7I3HYPPR1XOPifhCCk4g=",
      "dev": true
    },
    "typescript": {
      "version": "4.1.2",
      "resolved": "https://registry.npmjs.org/typescript/-/typescript-4.1.2.tgz",
      "integrity": "sha512-thGloWsGH3SOxv1SoY7QojKi0tc+8FnOmiarEGMbd/lar7QOEd3hvlx3Fp5y6FlDUGl9L+pd4n2e+oToGMmhRQ==",
      "dev": true
    }
  }
}
